
Microsoft Visual Studio Solution File, Format Version 12.00
# Visual Studio Version 16
VisualStudioVersion = 16.0.31105.61
MinimumVisualStudioVersion = 10.0.40219.1
Project("{FAE04EC0-301F-11D3-BF4B-00C04F79EFBC}") = "CentralDatabase", "CentralDatabase\CentralDatabase.csproj", "{E3A6A2F4-9939-4FF1-B944-6AD9642ED67D}"
EndProject
Project("{FAE04EC0-301F-11D3-BF4B-00C04F79EFBC}") = "LocalDatabase", "LocalDatabase\LocalDatabase.csproj", "{934D7130-FCE6-4781-8986-A3CB20AF950C}"
EndProject
Project("{FAE04EC0-301F-11D3-BF4B-00C04F79EFBC}") = "Client", "Client\Client.csproj", "{625FE9FB-C0DE-49AA-99B5-0D19B7D62287}"
EndProject
Project("{FAE04EC0-301F-11D3-BF4B-00C04F79EFBC}") = "ServiceContracts", "ServiceContracts\ServiceContracts.csproj", "{9D056894-4472-43C2-87E6-BDE2D78944AE}"
EndProject
Project("{FAE04EC0-301F-11D3-BF4B-00C04F79EFBC}") = "Manager", "Manager\Manager.csproj", "{B169E6F6-4599-4259-90F6-B26672BCBDFB}"
EndProject
Global
	GlobalSection(SolutionConfigurationPlatforms) = preSolution
		Debug|Any CPU = Debug|Any CPU
		Release|Any CPU = Release|Any CPU
	EndGlobalSection
	GlobalSection(ProjectConfigurationPlatforms) = postSolution
		{E3A6A2F4-9939-4FF1-B944-6AD9642ED67D}.Debug|Any CPU.ActiveCfg = Debug|Any CPU
		{E3A6A2F4-9939-4FF1-B944-6AD9642ED67D}.Debug|Any CPU.Build.0 = Debug|Any CPU
		{E3A6A2F4-9939-4FF1-B944-6AD9642ED67D}.Release|Any CPU.ActiveCfg = Release|Any CPU
		{E3A6A2F4-9939-4FF1-B944-6AD9642ED67D}.Release|Any CPU.Build.0 = Release|Any CPU
		{934D7130-FCE6-4781-8986-A3CB20AF950C}.Debug|Any CPU.ActiveCfg = Debug|Any CPU
		{934D7130-FCE6-4781-8986-A3CB20AF950C}.Debug|Any CPU.Build.0 = Debug|Any CPU
		{934D7130-FCE6-4781-8986-A3CB20AF950C}.Release|Any CPU.ActiveCfg = Release|Any CPU
		{934D7130-FCE6-4781-8986-A3CB20AF950C}.Release|Any CPU.Build.0 = Release|Any CPU
		{625FE9FB-C0DE-49AA-99B5-0D19B7D62287}.Debug|Any CPU.ActiveCfg = Debug|Any CPU
		{625FE9FB-C0DE-49AA-99B5-0D19B7D62287}.Debug|Any CPU.Build.0 = Debug|Any CPU
		{625FE9FB-C0DE-49AA-99B5-0D19B7D62287}.Release|Any CPU.ActiveCfg = Release|Any CPU
		{625FE9FB-C0DE-49AA-99B5-0D19B7D62287}.Release|Any CPU.Build.0 = Release|Any CPU
		{9D056894-4472-43C2-87E6-BDE2D78944AE}.Debug|Any CPU.ActiveCfg = Debug|Any CPU
		{9D056894-4472-43C2-87E6-BDE2D78944AE}.Debug|Any CPU.Build.0 = Debug|Any CPU
		{9D056894-4472-43C2-87E6-BDE2D78944AE}.Release|Any CPU.ActiveCfg = Release|Any CPU
		{9D056894-4472-43C2-87E6-BDE2D78944AE}.Release|Any CPU.Build.0 = Release|Any CPU
		{B169E6F6-4599-4259-90F6-B26672BCBDFB}.Debug|Any CPU.ActiveCfg = Debug|Any CPU
		{B169E6F6-4599-4259-90F6-B26672BCBDFB}.Debug|Any CPU.Build.0 = Debug|Any CPU
		{B169E6F6-4599-4259-90F6-B26672BCBDFB}.Release|Any CPU.ActiveCfg = Release|Any CPU
		{B169E6F6-4599-4259-90F6-B26672BCBDFB}.Release|Any CPU.Build.0 = Release|Any CPU
	EndGlobalSection
	GlobalSection(SolutionProperties) = preSolution
		HideSolutionNode = FALSE
	EndGlobalSection
	GlobalSection(ExtensibilityGlobals) = postSolution
		SolutionGuid = {57C0EA59-EAC5-466B-A902-C96E48BCB3C3}
	EndGlobalSection
EndGlobal
